# This file is generated by running "yarn install" inside your project.
# Manual changes might be lost - proceed with caution!

__metadata:
  version: 8
  cacheKey: 10c0

"@biomejs/biome@npm:^2.4.14":
  version: 2.4.14
  resolution: "@biomejs/biome@npm:2.4.14"
  dependencies:
    "@biomejs/cli-darwin-arm64": "npm:2.4.14"
    "@biomejs/cli-darwin-x64": "npm:2.4.14"
    "@biomejs/cli-linux-arm64": "npm:2.4.14"
    "@biomejs/cli-linux-arm64-musl": "npm:2.4.14"
    "@biomejs/cli-linux-x64": "npm:2.4.14"
    "@biomejs/cli-linux-x64-musl": "npm:2.4.14"
    "@biomejs/cli-win32-arm64": "npm:2.4.14"
    "@biomejs/cli-win32-x64": "npm:2.4.14"
  dependenciesMeta:
    "@biomejs/cli-darwin-arm64":
      optional: true
    "@biomejs/cli-darwin-x64":
      optional: true
    "@biomejs/cli-linux-arm64":
      optional: true
    "@biomejs/cli-linux-arm64-musl":
      optional: true
    "@biomejs/cli-linux-x64":
      optional: true
    "@biomejs/cli-linux-x64-musl":
      optional: true
    "@biomejs/cli-win32-arm64":
      optional: true
    "@biomejs/cli-win32-x64":
      optional: true
  bin:
    biome: bin/biome
  checksum: 10c0/83a42fc27cf74b66f5035fd38c23292c51506cb28181aeb2c3b22a289c265ede011d85876aaed85cc378c8c937a3ed27d99030f356ecebb2de42550627b089c8
  languageName: node
  linkType: hard

"@biomejs/cli-darwin-arm64@npm:2.4.14":
  version: 2.4.14
  resolution: "@biomejs/cli-darwin-arm64@npm:2.4.14"
  conditions: os=darwin & cpu=arm64
  languageName: node
  linkType: hard

"@biomejs/cli-darwin-x64@npm:2.4.14":
  version: 2.4.14
  resolution: "@biomejs/cli-darwin-x64@npm:2.4.14"
  conditions: os=darwin & cpu=x64
  languageName: node
  linkType: hard

"@biomejs/cli-linux-arm64-musl@npm:2.4.14":
  version: 2.4.14
  resolution: "@biomejs/cli-linux-arm64-musl@npm:2.4.14"
  conditions: os=linux & cpu=arm64 & libc=musl
  languageName: node
  linkType: hard

"@biomejs/cli-linux-arm64@npm:2.4.14":
  version: 2.4.14
  resolution: "@biomejs/cli-linux-arm64@npm:2.4.14"
  conditions: os=linux & cpu=arm64 & libc=glibc
  languageName: node
  linkType: hard

"@biomejs/cli-linux-x64-musl@npm:2.4.14":
  version: 2.4.14
  resolution: "@biomejs/cli-linux-x64-musl@npm:2.4.14"
  conditions: os=linux & cpu=x64 & libc=musl
  languageName: node
  linkType: hard

"@biomejs/cli-linux-x64@npm:2.4.14":
  version: 2.4.14
  resolution: "@biomejs/cli-linux-x64@npm:2.4.14"
  conditions: os=linux & cpu=x64 & libc=glibc
  languageName: node
  linkType: hard

"@biomejs/cli-win32-arm64@npm:2.4.14":
  version: 2.4.14
  resolution: "@biomejs/cli-win32-arm64@npm:2.4.14"
  conditions: os=win32 & cpu=arm64
  languageName: node
  linkType: hard

"@biomejs/cli-win32-x64@npm:2.4.14":
  version: 2.4.14
  resolution: "@biomejs/cli-win32-x64@npm:2.4.14"
  conditions: os=win32 & cpu=x64
  languageName: node
  linkType: hard

"@tsconfig/node24@npm:^24.0.4":
  version: 24.0.4
  resolution: "@tsconfig/node24@npm:24.0.4"
  checksum: 10c0/9c5d4173204c6935c45d3ff0584fd423bd7d8bc3f6b246e646320ae584e4226b34ea1c66ec67cd16769c73e7e80f4cc562287b0acaa4ec81aa482463972ff83f
  languageName: node
  linkType: hard

"@types/node@npm:24.12.2":
  version: 24.12.2
  resolution: "@types/node@npm:24.12.2"
  dependencies:
    undici-types: "npm:~7.16.0"
  checksum: 10c0/710050c42f89075c4479e4e1e4c2532486b0c41b1e2a8a13ad88641c88b88cdaea87414e19224f30028719737bd70e327edcaa184d50e86b9418941edd7eb02b
  languageName: node
  linkType: hard

"americas@workspace:.":
  version: 0.0.0-use.local
  resolution: "americas@workspace:."
  dependencies:
    "@biomejs/biome": "npm:^2.4.14"
    "@tsconfig/node24": "npm:^24.0.4"
    "@types/node": "npm:24.12.2"
    typescript: "npm:^6.0.3"
  languageName: unknown
  linkType: soft

"typescript@npm:^6.0.3":
  version: 6.0.3
  resolution: "typescript@npm:6.0.3"
  bin:
    tsc: bin/tsc
    tsserver: bin/tsserver
  checksum: 10c0/4a25ff5045b984370f48f196b3a0120779b1b343d40b9a68d114ea5e5fff099809b2bb777576991a63a5cd59cf7bffd96ff6fe10afcefbcb8bd6fb96ad4b6606
  languageName: node
  linkType: hard

"typescript@patch:typescript@npm%3A^6.0.3#optional!builtin<compat/typescript>":
  version: 6.0.3
  resolution: "typescript@patch:typescript@npm%3A6.0.3#optional!builtin<compat/typescript>::version=6.0.3&hash=5786d5"
  bin:
    tsc: bin/tsc
    tsserver: bin/tsserver
  checksum: 10c0/2f25c74e65663c248fa1ade2b8459d9ce5372ff9dad07067310f132966ebec1d93f6c42f0baf77a6b6a7a91460463f708e6887013aaade22111037457c6b25df
  languageName: node
  linkType: hard

"undici-types@npm:~7.16.0":
  version: 7.16.0
  resolution: "undici-types@npm:7.16.0"
  checksum: 10c0/3033e2f2b5c9f1504bdc5934646cb54e37ecaca0f9249c983f7b1fc2e87c6d18399ebb05dc7fd5419e02b2e915f734d872a65da2e3eeed1813951c427d33cc9a
  languageName: node
  linkType: hard
